// !$*UTF8*$!
{
	archiveVersion = 1;
	classes = {
	};
	objectVersion = 56;
	objects = {

/* Begin PBXBuildFile section */
		2FB5D6FF2C6A861300AB0EAA /* MyFilmsApp.swift in Sources */ = {isa = PBXBuildFile; fileRef = 2FB5D6FE2C6A861300AB0EAA /* MyFilmsApp.swift */; };
		2FB5D7012C6A861300AB0EAA /* FilmListView.swift in Sources */ = {isa = PBXBuildFile; fileRef = 2FB5D7002C6A861300AB0EAA /* FilmListView.swift */; };
		2FB5D7032C6A861400AB0EAA /* Assets.xcassets in Resources */ = {isa = PBXBuildFile; fileRef = 2FB5D7022C6A861400AB0EAA /* Assets.xcassets */; };
		2FB5D7062C6A861400AB0EAA /* Preview Assets.xcassets in Resources */ = {isa = PBXBuildFile; fileRef = 2FB5D7052C6A861400AB0EAA /* Preview Assets.xcassets */; };
		2FB5D70D2C6A862800AB0EAA /* Film.swift in Sources */ = {isa = PBXBuildFile; fileRef = 2FB5D70C2C6A862800AB0EAA /* Film.swift */; };
		2FB5D70F2C6A938C00AB0EAA /* FilmView.swift in Sources */ = {isa = PBXBuildFile; fileRef = 2FB5D70E2C6A938B00AB0EAA /* FilmView.swift */; };
		2FEC57D12C6CF0FE00B08A58 /* EditFilmView.swift in Sources */ = {isa = PBXBuildFile; fileRef = 2FEC57D02C6CF0FE00B08A58 /* EditFilmView.swift */; };
		2FEC57D32C6CFBFB00B08A58 /* RatingsView.swift in Sources */ = {isa = PBXBuildFile; fileRef = 2FEC57D22C6CFBFB00B08A58 /* RatingsView.swift */; };
/* End PBXBuildFile section */

/* Begin PBXFileReference section */
		2FB5D6FB2C6A861300AB0EAA /* MyFilms.app */ = {isa = PBXFileReference; explicitFileType = wrapper.application; includeInIndex = 0; path = MyFilms.app; sourceTree = BUILT_PRODUCTS_DIR; };
		2FB5D6FE2C6A861300AB0EAA /* MyFilmsApp.swift */ = {isa = PBXFileReference; lastKnownFileType = sourcecode.swift; path = MyFilmsApp.swift; sourceTree = "<group>"; };
		2FB5D7002C6A861300AB0EAA /* FilmListView.swift */ = {isa = PBXFileReference; lastKnownFileType = sourcecode.swift; path = FilmListView.swift; sourceTree = "<group>"; };
		2FB5D7022C6A861400AB0EAA /* Assets.xcassets */ = {isa = PBXFileReference; lastKnownFileType = folder.assetcatalog; path = Assets.xcassets; sourceTree = "<group>"; };
		2FB5D7052C6A861400AB0EAA /* Preview Assets.xcassets */ = {isa = PBXFileReference; lastKnownFileType = folder.assetcatalog; path = "Preview Assets.xcassets"; sourceTree = "<group>"; };
		2FB5D70C2C6A862800AB0EAA /* Film.swift */ = {isa = PBXFileReference; lastKnownFileType = sourcecode.swift; path = Film.swift; sourceTree = "<group>"; };
		2FB5D70E2C6A938B00AB0EAA /* FilmView.swift */ = {isa = PBXFileReference; lastKnownFileType = sourcecode.swift; path = FilmView.swift; sourceTree = "<group>"; };
		2FEC57D02C6CF0FE00B08A58 /* EditFilmView.swift */ = {isa = PBXFileReference; lastKnownFileType = sourcecode.swift; path = EditFilmView.swift; sourceTree = "<group>"; };
		2FEC57D22C6CFBFB00B08A58 /* RatingsView.swift */ = {isa = PBXFileReference; lastKnownFileType = sourcecode.swift; path = RatingsView.swift; sourceTree = "<group>"; };
/* End PBXFileReference section */

/* Begin PBXFrameworksBuildPhase section */
		2FB5D6F82C6A861200AB0EAA /* Frameworks */ = {
			isa = PBXFrameworksBuildPhase;
			buildActionMask = 2147483647;
			files = (
			);
			runOnlyForDeploymentPostprocessing = 0;
		};
/* End PBXFrameworksBuildPhase section */

/* Begin PBXGroup section */
		2FB5D6F22C6A861200AB0EAA = {
			isa = PBXGroup;
			children = (
				2FB5D6FD2C6A861300AB0EAA /* MyFilms */,
				2FB5D6FC2C6A861300AB0EAA /* Products */,
			);
			sourceTree = "<group>";
		};
		2FB5D6FC2C6A861300AB0EAA /* Products */ = {
			isa = PBXGroup;
			children = (
				2FB5D6FB2C6A861300AB0EAA /* MyFilms.app */,
			);
			name = Products;
			sourceTree = "<group>";
		};
		2FB5D6FD2C6A861300AB0EAA /* MyFilms */ = {
			isa = PBXGroup;
			children = (
				2FB5D6FE2C6A861300AB0EAA /* MyFilmsApp.swift */,
				2FB5D7002C6A861300AB0EAA /* FilmListView.swift */,
				2FEC57D02C6CF0FE00B08A58 /* EditFilmView.swift */,
				2FEC57D22C6CFBFB00B08A58 /* RatingsView.swift */,
				2FB5D70C2C6A862800AB0EAA /* Film.swift */,
				2FB5D70E2C6A938B00AB0EAA /* FilmView.swift */,
				2FB5D7022C6A861400AB0EAA /* Assets.xcassets */,
				2FB5D7042C6A861400AB0EAA /* Preview Content */,
			);
			path = MyFilms;
			sourceTree = "<group>";
		};
		2FB5D7042C6A861400AB0EAA /* Preview Content */ = {
			isa = PBXGroup;
			children = (
				2FB5D7052C6A861400AB0EAA /* Preview Assets.xcassets */,
			);
			path = "Preview Content";
			sourceTree = "<group>";
		};
/* End PBXGroup section */

/* Begin PBXNativeTarget section */
		2FB5D6FA2C6A861200AB0EAA /* MyFilms */ = {
			isa = PBXNativeTarget;
			buildConfigurationList = 2FB5D7092C6A861400AB0EAA /* Build configuration list for PBXNativeTarget "MyFilms" */;
			buildPhases = (
				2FB5D6F72C6A861200AB0EAA /* Sources */,
				2FB5D6F82C6A861200AB0EAA /* Frameworks */,
				2FB5D6F92C6A861200AB0EAA /* Resources */,
			);
			buildRules = (
			);
			dependencies = (
			);
			name = MyFilms;
			productName = MyFilms;
			productReference = 2FB5D6FB2C6A861300AB0EAA /* MyFilms.app */;
			productType = "com.apple.product-type.application";
		};
/* End PBXNativeTarget section */

/* Begin PBXProject section */
		2FB5D6F32C6A861200AB0EAA /* Project object */ = {
			isa = PBXProject;
			attributes = {
				BuildIndependentTargetsInParallel = 1;
				LastSwiftUpdateCheck = 1540;
				LastUpgradeCheck = 1540;
				TargetAttributes = {
					2FB5D6FA2C6A861200AB0EAA = {
						CreatedOnToolsVersion = 15.4;
					};
				};
			};
			buildConfigurationList = 2FB5D6F62C6A861200AB0EAA /* Build configuration list for PBXProject "MyFilms" */;
			compatibilityVersion = "Xcode 14.0";
			developmentRegion = en;
			hasScannedForEncodings = 0;
			knownRegions = (
				en,
				Base,
			);
			mainGroup = 2FB5D6F22C6A861200AB0EAA;
			productRefGroup = 2FB5D6FC2C6A861300AB0EAA /* Products */;
			projectDirPath = "";
			projectRoot = "";
			targets = (
				2FB5D6FA2C6A861200AB0EAA /* MyFilms */,
			);
		};
/* End PBXProject section */

/* Begin PBXResourcesBuildPhase section */
		2FB5D6F92C6A861200AB0EAA /* Resources */ = {
			isa = PBXResourcesBuildPhase;
			buildActionMask = 2147483647;
			files = (
				2FB5D7062C6A861400AB0EAA /* Preview Assets.xcassets in Resources */,
				2FB5D7032C6A861400AB0EAA /* Assets.xcassets in Resources */,
			);
			runOnlyForDeploymentPostprocessing = 0;
		};
/* End PBXResourcesBuildPhase section */

/* Begin PBXSourcesBuildPhase section */
		2FB5D6F72C6A861200AB0EAA /* Sources */ = {
			isa = PBXSourcesBuildPhase;
			buildActionMask = 2147483647;
			files = (
				2FB5D70F2C6A938C00AB0EAA /* FilmView.swift in Sources */,
				2FEC57D32C6CFBFB00B08A58 /* RatingsView.swift in Sources */,
				2FB5D7012C6A861300AB0EAA /* FilmListView.swift in Sources */,
				2FEC57D12C6CF0FE00B08A58 /* EditFilmView.swift in Sources */,
				2FB5D70D2C6A862800AB0EAA /* Film.swift in Sources */,
				2FB5D6FF2C6A861300AB0EAA /* MyFilmsApp.swift in Sources */,
			);
			runOnlyForDeploymentPostprocessing = 0;
		};
/* End PBXSourcesBuildPhase section */

/* Begin XCBuildConfiguration section */
		2FB5D7072C6A861400AB0EAA /* Debug */ = {
			isa = XCBuildConfiguration;
			buildSettings = {
				ALWAYS_SEARCH_USER_PATHS = NO;
				ASSETCATALOG_COMPILER_GENERATE_SWIFT_ASSET_SYMBOL_EXTENSIONS = YES;
				CLANG_ANALYZER_NONNULL = YES;
				CLANG_ANALYZER_NUMBER_OBJECT_CONVERSION = YES_AGGRESSIVE;
				CLANG_CXX_LANGUAGE_STANDARD = "gnu++20";
				CLANG_ENABLE_MODULES = YES;
				CLANG_ENABLE_OBJC_ARC = YES;
				CLANG_ENABLE_OBJC_WEAK = YES;
				CLANG_WARN_BLOCK_CAPTURE_AUTORELEASING = YES;
				CLANG_WARN_BOOL_CONVERSION = YES;
				CLANG_WARN_COMMA = YES;
				CLANG_WARN_CONSTANT_CONVERSION = YES;
				CLANG_WARN_DEPRECATED_OBJC_IMPLEMENTATIONS = YES;
				CLANG_WARN_DIRECT_OBJC_ISA_USAGE = YES_ERROR;
				CLANG_WARN_DOCUMENTATION_COMMENTS = YES;
				CLANG_WARN_EMPTY_BODY = YES;
				CLANG_WARN_ENUM_CONVERSION = YES;
				CLANG_WARN_INFINITE_RECURSION = YES;
				CLANG_WARN_INT_CONVERSION = YES;
				CLANG_WARN_NON_LITERAL_NULL_CONVERSION = YES;
				CLANG_WARN_OBJC_IMPLICIT_RETAIN_SELF = YES;
				CLANG_WARN_OBJC_LITERAL_CONVERSION = YES;
				CLANG_WARN_OBJC_ROOT_CLASS = YES_ERROR;
				CLANG_WARN_QUOTED_INCLUDE_IN_FRAMEWORK_HEADER = YES;
				CLANG_WARN_RANGE_LOOP_ANALYSIS = YES;
				CLANG_WARN_STRICT_PROTOTYPES = YES;
				CLANG_WARN_SUSPICIOUS_MOVE = YES;
				CLANG_WARN_UNGUARDED_AVAILABILITY = YES_AGGRESSIVE;
				CLANG_WARN_UNREACHABLE_CODE = YES;
				CLANG_WARN__DUPLICATE_METHOD_MATCH = YES;
				COPY_PHASE_STRIP = NO;
				DEBUG_INFORMATION_FORMAT = dwarf;
				ENABLE_STRICT_OBJC_MSGSEND = YES;
				ENABLE_TESTABILITY = YES;
				ENABLE_USER_SCRIPT_SANDBOXING = YES;
				GCC_C_LANGUAGE_STANDARD = gnu17;
				GCC_DYNAMIC_NO_PIC = NO;
				GCC_NO_COMMON_BLOCKS = YES;
				GCC_OPTIMIZATION_LEVEL = 0;
				GCC_PREPROCESSOR_DEFINITIONS = (
					"DEBUG=1",
					"$(inherited)",
				);
				GCC_WARN_64_TO_32_BIT_CONVERSION = YES;
				GCC_WARN_ABOUT_RETURN_TYPE = YES_ERROR;
				GCC_WARN_UNDECLARED_SELECTOR = YES;
				GCC_WARN_UNINITIALIZED_AUTOS = YES_AGGRESSIVE;
				GCC_WARN_UNUSED_FUNCTION = YES;
				GCC_WARN_UNUSED_VARIABLE = YES;
				IPHONEOS_DEPLOYMENT_TARGET = 17.5;
				LOCALIZATION_PREFERS_STRING_CATALOGS = YES;
				MTL_ENABLE_DEBUG_INFO = INCLUDE_SOURCE;
				MTL_FAST_MATH = YES;
				ONLY_ACTIVE_ARCH = YES;
				SDKROOT = iphoneos;
				SWIFT_ACTIVE_COMPILATION_CONDITIONS = "DEBUG $(inherited)";
				SWIFT_OPTIMIZATION_LEVEL = "-Onone";
			};
			name = Debug;
		};
		2FB5D7082C6A861400AB0EAA /* Release */ = {
			isa = XCBuildConfiguration;
			buildSettings = {
				ALWAYS_SEARCH_USER_PATHS = NO;
				ASSETCATALOG_COMPILER_GENERATE_SWIFT_ASSET_SYMBOL_EXTENSIONS = YES;
				CLANG_ANALYZER_NONNULL = YES;
				CLANG_ANALYZER_NUMBER_OBJECT_CONVERSION = YES_AGGRESSIVE;
				CLANG_CXX_LANGUAGE_STANDARD = "gnu++20";
				CLANG_ENABLE_MODULES = YES;
				CLANG_ENABLE_OBJC_ARC = YES;
				CLANG_ENABLE_OBJC_WEAK = YES;
				CLANG_WARN_BLOCK_CAPTURE_AUTORELEASING = YES;
				CLANG_WARN_BOOL_CONVERSION = YES;
				CLANG_WARN_COMMA = YES;
				CLANG_WARN_CONSTANT_CONVERSION = YES;
				CLANG_WARN_DEPRECATED_OBJC_IMPLEMENTATIONS = YES;
				CLANG_WARN_DIRECT_OBJC_ISA_USAGE = YES_ERROR;
				CLANG_WARN_DOCUMENTATION_COMMENTS = YES;
				CLANG_WARN_EMPTY_BODY = YES;
				CLANG_WARN_ENUM_CONVERSION = YES;
				CLANG_WARN_INFINITE_RECURSION = YES;
				CLANG_WARN_INT_CONVERSION = YES;
				CLANG_WARN_NON_LITERAL_NULL_CONVERSION = YES;
				CLANG_WARN_OBJC_IMPLICIT_RETAIN_SELF = YES;
				CLANG_WARN_OBJC_LITERAL_CONVERSION = YES;
				CLANG_WARN_OBJC_ROOT_CLASS = YES_ERROR;
				CLANG_WARN_QUOTED_INCLUDE_IN_FRAMEWORK_HEADER = YES;
				CLANG_WARN_RANGE_LOOP_ANALYSIS = YES;
				CLANG_WARN_STRICT_PROTOTYPES = YES;
				CLANG_WARN_SUSPICIOUS_MOVE = YES;
				CLANG_WARN_UNGUARDED_AVAILABILITY = YES_AGGRESSIVE;
				CLANG_WARN_UNREACHABLE_CODE = YES;
				CLANG_WARN__DUPLICATE_METHOD_MATCH = YES;
				COPY_PHASE_STRIP = NO;
				DEBUG_INFORMATION_FORMAT = "dwarf-with-dsym";
				ENABLE_NS_ASSERTIONS = NO;
				ENABLE_STRICT_OBJC_MSGSEND = YES;
				ENABLE_USER_SCRIPT_SANDBOXING = YES;
				GCC_C_LANGUAGE_STANDARD = gnu17;
				GCC_NO_COMMON_BLOCKS = YES;
				GCC_WARN_64_TO_32_BIT_CONVERSION = YES;
				GCC_WARN_ABOUT_RETURN_TYPE = YES_ERROR;
				GCC_WARN_UNDECLARED_SELECTOR = YES;
				GCC_WARN_UNINITIALIZED_AUTOS = YES_AGGRESSIVE;
				GCC_WARN_UNUSED_FUNCTION = YES;
				GCC_WARN_UNUSED_VARIABLE = YES;
				IPHONEOS_DEPLOYMENT_TARGET = 17.5;
				LOCALIZATION_PREFERS_STRING_CATALOGS = YES;
				MTL_ENABLE_DEBUG_INFO = NO;
				MTL_FAST_MATH = YES;
				SDKROOT = iphoneos;
				SWIFT_COMPILATION_MODE = wholemodule;
				VALIDATE_PRODUCT = YES;
			};
			name = Release;
		};
		2FB5D70A2C6A861400AB0EAA /* Debug */ = {
			isa = XCBuildConfiguration;
			buildSettings = {
				ASSETCATALOG_COMPILER_APPICON_NAME = AppIcon;
				ASSETCATALOG_COMPILER_GLOBAL_ACCENT_COLOR_NAME = AccentColor;
				CODE_SIGN_STYLE = Automatic;
				CURRENT_PROJECT_VERSION = 1;
				DEVELOPMENT_ASSET_PATHS = "\"MyFilms/Preview Content\"";
				ENABLE_PREVIEWS = YES;
				GENERATE_INFOPLIST_FILE = YES;
				INFOPLIST_KEY_UIApplicationSceneManifest_Generation = YES;
				INFOPLIST_KEY_UIApplicationSupportsIndirectInputEvents = YES;
				INFOPLIST_KEY_UILaunchScreen_Generation = YES;
				INFOPLIST_KEY_UISupportedInterfaceOrientations_iPad = "UIInterfaceOrientationPortrait UIInterfaceOrientationPortraitUpsideDown UIInterfaceOrientationLandscapeLeft UIInterfaceOrientationLandscapeRight";
				INFOPLIST_KEY_UISupportedInterfaceOrientations_iPhone = "UIInterfaceOrientationPortrait UIInterfaceOrientationLandscapeLeft UIInterfaceOrientationLandscapeRight";
				LD_RUNPATH_SEARCH_PATHS = (
					"$(inherited)",
					"@executable_path/Frameworks",
				);
				MARKETING_VERSION = 1.0;
				PRODUCT_BUNDLE_IDENTIFIER = jpjp.MyFilms;
				PRODUCT_NAME = "$(TARGET_NAME)";
				SWIFT_EMIT_LOC_STRINGS = YES;
				SWIFT_VERSION = 5.0;
				TARGETED_DEVICE_FAMILY = "1,2";
			};
			name = Debug;
		};
		2FB5D70B2C6A861400AB0EAA /* Release */ = {
			isa = XCBuildConfiguration;
			buildSettings = {
				ASSETCATALOG_COMPILER_APPICON_NAME = AppIcon;
				ASSETCATALOG_COMPILER_GLOBAL_ACCENT_COLOR_NAME = AccentColor;
				CODE_SIGN_STYLE = Automatic;
				CURRENT_PROJECT_VERSION = 1;
				DEVELOPMENT_ASSET_PATHS = "\"MyFilms/Preview Content\"";
				ENABLE_PREVIEWS = YES;
				GENERATE_INFOPLIST_FILE = YES;
				INFOPLIST_KEY_UIApplicationSceneManifest_Generation = YES;
				INFOPLIST_KEY_UIApplicationSupportsIndirectInputEvents = YES;
				INFOPLIST_KEY_UILaunchScreen_Generation = YES;
				INFOPLIST_KEY_UISupportedInterfaceOrientations_iPad = "UIInterfaceOrientationPortrait UIInterfaceOrientationPortraitUpsideDown UIInterfaceOrientationLandscapeLeft UIInterfaceOrientationLandscapeRight";
				INFOPLIST_KEY_UISupportedInterfaceOrientations_iPhone = "UIInterfaceOrientationPortrait UIInterfaceOrientationLandscapeLeft UIInterfaceOrientationLandscapeRight";
				LD_RUNPATH_SEARCH_PATHS = (
					"$(inherited)",
					"@executable_path/Frameworks",
				);
				MARKETING_VERSION = 1.0;
				PRODUCT_BUNDLE_IDENTIFIER = jpjp.MyFilms;
				PRODUCT_NAME = "$(TARGET_NAME)";
				SWIFT_EMIT_LOC_STRINGS = YES;
				SWIFT_VERSION = 5.0;
				TARGETED_DEVICE_FAMILY = "1,2";
			};
			name = Release;
		};
/* End XCBuildConfiguration section */

/* Begin XCConfigurationList section */
		2FB5D6F62C6A861200AB0EAA /* Build configuration list for PBXProject "MyFilms" */ = {
			isa = XCConfigurationList;
			buildConfigurations = (
				2FB5D7072C6A861400AB0EAA /* Debug */,
				2FB5D7082C6A861400AB0EAA /* Release */,
			);
			defaultConfigurationIsVisible = 0;
			defaultConfigurationName = Release;
		};
		2FB5D7092C6A861400AB0EAA /* Build configuration list for PBXNativeTarget "MyFilms" */ = {
			isa = XCConfigurationList;
			buildConfigurations = (
				2FB5D70A2C6A861400AB0EAA /* Debug */,
				2FB5D70B2C6A861400AB0EAA /* Release */,
			);
			defaultConfigurationIsVisible = 0;
			defaultConfigurationName = Release;
		};
/* End XCConfigurationList section */
	};
	rootObject = 2FB5D6F32C6A861200AB0EAA /* Project object */;
}
